
Microsoft Visual Studio Solution File, Format Version 12.00
# Visual Studio Version 16
VisualStudioVersion = 16.0.32802.440
MinimumVisualStudioVersion = 10.0.40219.1
Project("{FAE04EC0-301F-11D3-BF4B-00C04F79EFBC}") = "Ejercicio1", "Ejercicio1\Ejercicio1.csproj", "{D54363F8-97C8-4884-A108-AFF0A446B2E3}"
EndProject
Project("{FAE04EC0-301F-11D3-BF4B-00C04F79EFBC}") = "Ejemplo1", "Ejemplo1\Ejemplo1.csproj", "{DB3C7D88-3BA6-4EDA-AB99-7BA5F814C93F}"
EndProject
Project("{FAE04EC0-301F-11D3-BF4B-00C04F79EFBC}") = "Ejemplo2", "Ejemplo2\Ejemplo2.csproj", "{04ED845B-B1F9-4DC2-88D5-E767A4C08BF1}"
EndProject
Global
	GlobalSection(SolutionConfigurationPlatforms) = preSolution
		Debug|Any CPU = Debug|Any CPU
		Release|Any CPU = Release|Any CPU
	EndGlobalSection
	GlobalSection(ProjectConfigurationPlatforms) = postSolution
		{D54363F8-97C8-4884-A108-AFF0A446B2E3}.Debug|Any CPU.ActiveCfg = Debug|Any CPU
		{D54363F8-97C8-4884-A108-AFF0A446B2E3}.Debug|Any CPU.Build.0 = Debug|Any CPU
		{D54363F8-97C8-4884-A108-AFF0A446B2E3}.Release|Any CPU.ActiveCfg = Release|Any CPU
		{D54363F8-97C8-4884-A108-AFF0A446B2E3}.Release|Any CPU.Build.0 = Release|Any CPU
		{DB3C7D88-3BA6-4EDA-AB99-7BA5F814C93F}.Debug|Any CPU.ActiveCfg = Debug|Any CPU
		{DB3C7D88-3BA6-4EDA-AB99-7BA5F814C93F}.Debug|Any CPU.Build.0 = Debug|Any CPU
		{DB3C7D88-3BA6-4EDA-AB99-7BA5F814C93F}.Release|Any CPU.ActiveCfg = Release|Any CPU
		{DB3C7D88-3BA6-4EDA-AB99-7BA5F814C93F}.Release|Any CPU.Build.0 = Release|Any CPU
		{04ED845B-B1F9-4DC2-88D5-E767A4C08BF1}.Debug|Any CPU.ActiveCfg = Debug|Any CPU
		{04ED845B-B1F9-4DC2-88D5-E767A4C08BF1}.Debug|Any CPU.Build.0 = Debug|Any CPU
		{04ED845B-B1F9-4DC2-88D5-E767A4C08BF1}.Release|Any CPU.ActiveCfg = Release|Any CPU
		{04ED845B-B1F9-4DC2-88D5-E767A4C08BF1}.Release|Any CPU.Build.0 = Release|Any CPU
	EndGlobalSection
	GlobalSection(SolutionProperties) = preSolution
		HideSolutionNode = FALSE
	EndGlobalSection
	GlobalSection(ExtensibilityGlobals) = postSolution
		SolutionGuid = {9F4966E5-5543-42B4-B35B-41E151FDA4E0}
	EndGlobalSection
EndGlobal
